
Microsoft Visual Studio Solution File, Format Version 12.00
# Visual Studio Version 16
VisualStudioVersion = 16.0.30804.86
MinimumVisualStudioVersion = 10.0.40219.1
Project("{FAE04EC0-301F-11D3-BF4B-00C04F79EFBC}") = "Business", "Business\Business.csproj", "{977DD393-B364-419B-9088-534F0D3BBF2A}"
EndProject
Project("{FAE04EC0-301F-11D3-BF4B-00C04F79EFBC}") = "Core", "Core\Core.csproj", "{BF81BFA9-0385-4948-88FC-F2BAAB7C8203}"
EndProject
Project("{FAE04EC0-301F-11D3-BF4B-00C04F79EFBC}") = "Entities", "Entities\Entities.csproj", "{ECDE6085-ED2A-49ED-8990-3E51CF800EA1}"
EndProject
Project("{FAE04EC0-301F-11D3-BF4B-00C04F79EFBC}") = "DataAccess", "DataAccess\DataAccess.csproj", "{F35CEE2E-B3C9-4853-8145-9AA1BC552642}"
EndProject
Project("{FAE04EC0-301F-11D3-BF4B-00C04F79EFBC}") = "WebAPI", "WebAPI\WebAPI.csproj", "{5592F096-B8C5-4F20-8C63-C0A0B6E3DCBC}"
EndProject
Global
	GlobalSection(SolutionConfigurationPlatforms) = preSolution
		Debug|Any CPU = Debug|Any CPU
		Release|Any CPU = Release|Any CPU
	EndGlobalSection
	GlobalSection(ProjectConfigurationPlatforms) = postSolution
		{977DD393-B364-419B-9088-534F0D3BBF2A}.Debug|Any CPU.ActiveCfg = Debug|Any CPU
		{977DD393-B364-419B-9088-534F0D3BBF2A}.Debug|Any CPU.Build.0 = Debug|Any CPU
		{977DD393-B364-419B-9088-534F0D3BBF2A}.Release|Any CPU.ActiveCfg = Release|Any CPU
		{977DD393-B364-419B-9088-534F0D3BBF2A}.Release|Any CPU.Build.0 = Release|Any CPU
		{BF81BFA9-0385-4948-88FC-F2BAAB7C8203}.Debug|Any CPU.ActiveCfg = Debug|Any CPU
		{BF81BFA9-0385-4948-88FC-F2BAAB7C8203}.Debug|Any CPU.Build.0 = Debug|Any CPU
		{BF81BFA9-0385-4948-88FC-F2BAAB7C8203}.Release|Any CPU.ActiveCfg = Release|Any CPU
		{BF81BFA9-0385-4948-88FC-F2BAAB7C8203}.Release|Any CPU.Build.0 = Release|Any CPU
		{ECDE6085-ED2A-49ED-8990-3E51CF800EA1}.Debug|Any CPU.ActiveCfg = Debug|Any CPU
		{ECDE6085-ED2A-49ED-8990-3E51CF800EA1}.Debug|Any CPU.Build.0 = Debug|Any CPU
		{ECDE6085-ED2A-49ED-8990-3E51CF800EA1}.Release|Any CPU.ActiveCfg = Release|Any CPU
		{ECDE6085-ED2A-49ED-8990-3E51CF800EA1}.Release|Any CPU.Build.0 = Release|Any CPU
		{F35CEE2E-B3C9-4853-8145-9AA1BC552642}.Debug|Any CPU.ActiveCfg = Debug|Any CPU
		{F35CEE2E-B3C9-4853-8145-9AA1BC552642}.Debug|Any CPU.Build.0 = Debug|Any CPU
		{F35CEE2E-B3C9-4853-8145-9AA1BC552642}.Release|Any CPU.ActiveCfg = Release|Any CPU
		{F35CEE2E-B3C9-4853-8145-9AA1BC552642}.Release|Any CPU.Build.0 = Release|Any CPU
		{5592F096-B8C5-4F20-8C63-C0A0B6E3DCBC}.Debug|Any CPU.ActiveCfg = Debug|Any CPU
		{5592F096-B8C5-4F20-8C63-C0A0B6E3DCBC}.Debug|Any CPU.Build.0 = Debug|Any CPU
		{5592F096-B8C5-4F20-8C63-C0A0B6E3DCBC}.Release|Any CPU.ActiveCfg = Release|Any CPU
		{5592F096-B8C5-4F20-8C63-C0A0B6E3DCBC}.Release|Any CPU.Build.0 = Release|Any CPU
	EndGlobalSection
	GlobalSection(SolutionProperties) = preSolution
		HideSolutionNode = FALSE
	EndGlobalSection
	GlobalSection(ExtensibilityGlobals) = postSolution
		SolutionGuid = {3A8A3E40-E865-4671-8D03-87E22B97C55F}
	EndGlobalSection
EndGlobal
